// !$*UTF8*$!
{
	archiveVersion = 1;
	classes = {
	};
	objectVersion = 56;
	objects = {

/* Begin PBXBuildFile section */
		5737BE002D01D84100B40D01 /* Interests.storyboard in Resources */ = {isa = PBXBuildFile; fileRef = 5737BDFF2D01D84100B40D01 /* Interests.storyboard */; };
		57A5F0462D12B74800252873 /* EventsDisplayTableViewCell.swift in Sources */ = {isa = PBXBuildFile; fileRef = 57A5F0442D12B74800252873 /* EventsDisplayTableViewCell.swift */; };
		57A5F0472D12B74800252873 /* EventsDisplayTableViewCell.xib in Resources */ = {isa = PBXBuildFile; fileRef = 57A5F0452D12B74800252873 /* EventsDisplayTableViewCell.xib */; };
		C313441B2D0D6F8300B17BF4 /* AdminPageTableViewController.swift in Sources */ = {isa = PBXBuildFile; fileRef = C313441A2D0D6F8300B17BF4 /* AdminPageTableViewController.swift */; };
		C31344202D0D797B00B17BF4 /* AdminTVC.swift in Sources */ = {isa = PBXBuildFile; fileRef = C313441E2D0D797B00B17BF4 /* AdminTVC.swift */; };
		C31344212D0D797B00B17BF4 /* AdminTVC.xib in Resources */ = {isa = PBXBuildFile; fileRef = C313441F2D0D797B00B17BF4 /* AdminTVC.xib */; };
		C326037B2D0872DB008BD790 /* BecomeOrg.storyboard in Resources */ = {isa = PBXBuildFile; fileRef = C326037A2D0872DB008BD790 /* BecomeOrg.storyboard */; };
		C326037D2D0875F4008BD790 /* TermsAndConditions.swift in Sources */ = {isa = PBXBuildFile; fileRef = C326037C2D0875F4008BD790 /* TermsAndConditions.swift */; };
		C326037F2D0891A3008BD790 /* AdminPage.storyboard in Resources */ = {isa = PBXBuildFile; fileRef = C326037E2D0891A3008BD790 /* AdminPage.storyboard */; };
		C370DA6E2D0F163300B2A097 /* RequestsViewController.swift in Sources */ = {isa = PBXBuildFile; fileRef = C370DA6D2D0F163300B2A097 /* RequestsViewController.swift */; };
		C395B1302CFC996700C073C2 /* AppDelegate.swift in Sources */ = {isa = PBXBuildFile; fileRef = C395B12F2CFC996700C073C2 /* AppDelegate.swift */; };
		C395B1322CFC996700C073C2 /* SceneDelegate.swift in Sources */ = {isa = PBXBuildFile; fileRef = C395B1312CFC996700C073C2 /* SceneDelegate.swift */; };
		C395B1342CFC996700C073C2 /* ViewController.swift in Sources */ = {isa = PBXBuildFile; fileRef = C395B1332CFC996700C073C2 /* ViewController.swift */; };
		C395B1372CFC996700C073C2 /* Main.storyboard in Resources */ = {isa = PBXBuildFile; fileRef = C395B1352CFC996700C073C2 /* Main.storyboard */; };
		C395B1392CFC996900C073C2 /* Assets.xcassets in Resources */ = {isa = PBXBuildFile; fileRef = C395B1382CFC996900C073C2 /* Assets.xcassets */; };
		C395B13C2CFC996900C073C2 /* LaunchScreen.storyboard in Resources */ = {isa = PBXBuildFile; fileRef = C395B13A2CFC996900C073C2 /* LaunchScreen.storyboard */; };
		C395B1472CFC996900C073C2 /* EventosaurusTests.swift in Sources */ = {isa = PBXBuildFile; fileRef = C395B1462CFC996900C073C2 /* EventosaurusTests.swift */; };
		C395B1512CFC996900C073C2 /* EventosaurusUITests.swift in Sources */ = {isa = PBXBuildFile; fileRef = C395B1502CFC996900C073C2 /* EventosaurusUITests.swift */; };
		C395B1532CFC996900C073C2 /* EventosaurusUITestsLaunchTests.swift in Sources */ = {isa = PBXBuildFile; fileRef = C395B1522CFC996900C073C2 /* EventosaurusUITestsLaunchTests.swift */; };
		C395B1602CFCA7A800C073C2 /* User.swift in Sources */ = {isa = PBXBuildFile; fileRef = C395B15F2CFCA7A800C073C2 /* User.swift */; };
		C395B1622CFCA7EE00C073C2 /* Attendee.swift in Sources */ = {isa = PBXBuildFile; fileRef = C395B1612CFCA7EE00C073C2 /* Attendee.swift */; };
		C395B1642CFCA80D00C073C2 /* Admin.swift in Sources */ = {isa = PBXBuildFile; fileRef = C395B1632CFCA80D00C073C2 /* Admin.swift */; };
		C395B1662CFCA83900C073C2 /* Organizer.swift in Sources */ = {isa = PBXBuildFile; fileRef = C395B1652CFCA83900C073C2 /* Organizer.swift */; };
		C395B1682CFCA9E700C073C2 /* Event.swift in Sources */ = {isa = PBXBuildFile; fileRef = C395B1672CFCA9E700C073C2 /* Event.swift */; };
		C3E287382D0DA60500CBF459 /* UsersDisplayController.swift in Sources */ = {isa = PBXBuildFile; fileRef = C3E287372D0DA60500CBF459 /* UsersDisplayController.swift */; };
		C3E2873A2D0DA71700CBF459 /* EventsDisplayController.swift in Sources */ = {isa = PBXBuildFile; fileRef = C3E287392D0DA71700CBF459 /* EventsDisplayController.swift */; };
		C3E2873C2D0DA84600CBF459 /* InterestsDisplayPage.swift in Sources */ = {isa = PBXBuildFile; fileRef = C3E2873B2D0DA84600CBF459 /* InterestsDisplayPage.swift */; };
		C3EBFD7C2D05C7E900B4D000 /* GoogleService-Info.plist in Resources */ = {isa = PBXBuildFile; fileRef = C3EBFD7B2D05C7E900B4D000 /* GoogleService-Info.plist */; };
		C3EBFD852D05CD1200B4D000 /* FirebaseAppCheck in Frameworks */ = {isa = PBXBuildFile; productRef = C3EBFD842D05CD1200B4D000 /* FirebaseAppCheck */; };
		C3EBFD872D05CD1200B4D000 /* FirebaseAppDistribution-Beta in Frameworks */ = {isa = PBXBuildFile; productRef = C3EBFD862D05CD1200B4D000 /* FirebaseAppDistribution-Beta */; };
		C3EBFD892D05DB6700B4D000 /* Register.swift in Sources */ = {isa = PBXBuildFile; fileRef = C3EBFD882D05DB6700B4D000 /* Register.swift */; };
		C3EBFD8C2D05EDBD00B4D000 /* LoginPage.swift in Sources */ = {isa = PBXBuildFile; fileRef = C3EBFD8A2D05EDB900B4D000 /* LoginPage.swift */; };
		C3EBFD8F2D05F01400B4D000 /* ForgotPassword.swift in Sources */ = {isa = PBXBuildFile; fileRef = C3EBFD8D2D05EFF400B4D000 /* ForgotPassword.swift */; };
		D5FDE8332D071D1300EB1819 /* FirebaseAuth in Frameworks */ = {isa = PBXBuildFile; productRef = D5FDE8322D071D1300EB1819 /* FirebaseAuth */; };
		D5FDE8352D071D1300EB1819 /* FirebaseCore in Frameworks */ = {isa = PBXBuildFile; productRef = D5FDE8342D071D1300EB1819 /* FirebaseCore */; };
		D5FDE8372D071D1300EB1819 /* FirebaseFirestore in Frameworks */ = {isa = PBXBuildFile; productRef = D5FDE8362D071D1300EB1819 /* FirebaseFirestore */; };
		D5FDE8392D071D1300EB1819 /* FirebaseStorage in Frameworks */ = {isa = PBXBuildFile; productRef = D5FDE8382D071D1300EB1819 /* FirebaseStorage */; };
		DAB6A4402D118647002FEC6D /* DisplayUsersTableViewCell.swift in Sources */ = {isa = PBXBuildFile; fileRef = DAB6A43E2D118647002FEC6D /* DisplayUsersTableViewCell.swift */; };
		DAB6A4412D118647002FEC6D /* DisplayUsersTableViewCell.xib in Resources */ = {isa = PBXBuildFile; fileRef = DAB6A43F2D118647002FEC6D /* DisplayUsersTableViewCell.xib */; };
/* End PBXBuildFile section */

/* Begin PBXContainerItemProxy section */
		C395B1432CFC996900C073C2 /* PBXContainerItemProxy */ = {
			isa = PBXContainerItemProxy;
			containerPortal = C395B1242CFC996700C073C2 /* Project object */;
			proxyType = 1;
			remoteGlobalIDString = C395B12B2CFC996700C073C2;
			remoteInfo = Eventosaurus;
		};
		C395B14D2CFC996900C073C2 /* PBXContainerItemProxy */ = {
			isa = PBXContainerItemProxy;
			containerPortal = C395B1242CFC996700C073C2 /* Project object */;
			proxyType = 1;
			remoteGlobalIDString = C395B12B2CFC996700C073C2;
			remoteInfo = Eventosaurus;
		};
/* End PBXContainerItemProxy section */

/* Begin PBXFileReference section */
		5737BDFF2D01D84100B40D01 /* Interests.storyboard */ = {isa = PBXFileReference; lastKnownFileType = file.storyboard; path = Interests.storyboard; sourceTree = "<group>"; };
		57A5F0442D12B74800252873 /* EventsDisplayTableViewCell.swift */ = {isa = PBXFileReference; lastKnownFileType = sourcecode.swift; path = EventsDisplayTableViewCell.swift; sourceTree = "<group>"; };
		57A5F0452D12B74800252873 /* EventsDisplayTableViewCell.xib */ = {isa = PBXFileReference; lastKnownFileType = file.xib; path = EventsDisplayTableViewCell.xib; sourceTree = "<group>"; };
		C313441A2D0D6F8300B17BF4 /* AdminPageTableViewController.swift */ = {isa = PBXFileReference; lastKnownFileType = sourcecode.swift; path = AdminPageTableViewController.swift; sourceTree = "<group>"; };
		C313441E2D0D797B00B17BF4 /* AdminTVC.swift */ = {isa = PBXFileReference; lastKnownFileType = sourcecode.swift; path = AdminTVC.swift; sourceTree = "<group>"; };
		C313441F2D0D797B00B17BF4 /* AdminTVC.xib */ = {isa = PBXFileReference; lastKnownFileType = file.xib; path = AdminTVC.xib; sourceTree = "<group>"; };
		C326037A2D0872DB008BD790 /* BecomeOrg.storyboard */ = {isa = PBXFileReference; lastKnownFileType = file.storyboard; path = BecomeOrg.storyboard; sourceTree = "<group>"; };
		C326037C2D0875F4008BD790 /* TermsAndConditions.swift */ = {isa = PBXFileReference; lastKnownFileType = sourcecode.swift; path = TermsAndConditions.swift; sourceTree = "<group>"; };
		C326037E2D0891A3008BD790 /* AdminPage.storyboard */ = {isa = PBXFileReference; lastKnownFileType = file.storyboard; path = AdminPage.storyboard; sourceTree = "<group>"; };
		C370DA6D2D0F163300B2A097 /* RequestsViewController.swift */ = {isa = PBXFileReference; lastKnownFileType = sourcecode.swift; path = RequestsViewController.swift; sourceTree = "<group>"; };
		C395B12C2CFC996700C073C2 /* Eventosaurus.app */ = {isa = PBXFileReference; explicitFileType = wrapper.application; includeInIndex = 0; path = Eventosaurus.app; sourceTree = BUILT_PRODUCTS_DIR; };
		C395B12F2CFC996700C073C2 /* AppDelegate.swift */ = {isa = PBXFileReference; lastKnownFileType = sourcecode.swift; path = AppDelegate.swift; sourceTree = "<group>"; };
		C395B1312CFC996700C073C2 /* SceneDelegate.swift */ = {isa = PBXFileReference; lastKnownFileType = sourcecode.swift; path = SceneDelegate.swift; sourceTree = "<group>"; };
		C395B1332CFC996700C073C2 /* ViewController.swift */ = {isa = PBXFileReference; lastKnownFileType = sourcecode.swift; path = ViewController.swift; sourceTree = "<group>"; };
		C395B1362CFC996700C073C2 /* Base */ = {isa = PBXFileReference; lastKnownFileType = file.storyboard; name = Base; path = Base.lproj/Main.storyboard; sourceTree = "<group>"; };
		C395B1382CFC996900C073C2 /* Assets.xcassets */ = {isa = PBXFileReference; lastKnownFileType = folder.assetcatalog; path = Assets.xcassets; sourceTree = "<group>"; };
		C395B13B2CFC996900C073C2 /* Base */ = {isa = PBXFileReference; lastKnownFileType = file.storyboard; name = Base; path = Base.lproj/LaunchScreen.storyboard; sourceTree = "<group>"; };
		C395B13D2CFC996900C073C2 /* Info.plist */ = {isa = PBXFileReference; lastKnownFileType = text.plist.xml; path = Info.plist; sourceTree = "<group>"; };
		C395B1422CFC996900C073C2 /* EventosaurusTests.xctest */ = {isa = PBXFileReference; explicitFileType = wrapper.cfbundle; includeInIndex = 0; path = EventosaurusTests.xctest; sourceTree = BUILT_PRODUCTS_DIR; };
		C395B1462CFC996900C073C2 /* EventosaurusTests.swift */ = {isa = PBXFileReference; lastKnownFileType = sourcecode.swift; path = EventosaurusTests.swift; sourceTree = "<group>"; };
		C395B14C2CFC996900C073C2 /* EventosaurusUITests.xctest */ = {isa = PBXFileReference; explicitFileType = wrapper.cfbundle; includeInIndex = 0; path = EventosaurusUITests.xctest; sourceTree = BUILT_PRODUCTS_DIR; };
		C395B1502CFC996900C073C2 /* EventosaurusUITests.swift */ = {isa = PBXFileReference; lastKnownFileType = sourcecode.swift; path = EventosaurusUITests.swift; sourceTree = "<group>"; };
		C395B1522CFC996900C073C2 /* EventosaurusUITestsLaunchTests.swift */ = {isa = PBXFileReference; lastKnownFileType = sourcecode.swift; path = EventosaurusUITestsLaunchTests.swift; sourceTree = "<group>"; };
		C395B15F2CFCA7A800C073C2 /* User.swift */ = {isa = PBXFileReference; lastKnownFileType = sourcecode.swift; path = User.swift; sourceTree = "<group>"; };
		C395B1612CFCA7EE00C073C2 /* Attendee.swift */ = {isa = PBXFileReference; lastKnownFileType = sourcecode.swift; path = Attendee.swift; sourceTree = "<group>"; };
		C395B1632CFCA80D00C073C2 /* Admin.swift */ = {isa = PBXFileReference; lastKnownFileType = sourcecode.swift; path = Admin.swift; sourceTree = "<group>"; };
		C395B1652CFCA83900C073C2 /* Organizer.swift */ = {isa = PBXFileReference; lastKnownFileType = sourcecode.swift; path = Organizer.swift; sourceTree = "<group>"; };
		C395B1672CFCA9E700C073C2 /* Event.swift */ = {isa = PBXFileReference; lastKnownFileType = sourcecode.swift; path = Event.swift; sourceTree = "<group>"; };
		C3E287372D0DA60500CBF459 /* UsersDisplayController.swift */ = {isa = PBXFileReference; lastKnownFileType = sourcecode.swift; path = UsersDisplayController.swift; sourceTree = "<group>"; };
		C3E287392D0DA71700CBF459 /* EventsDisplayController.swift */ = {isa = PBXFileReference; lastKnownFileType = sourcecode.swift; path = EventsDisplayController.swift; sourceTree = "<group>"; };
		C3E2873B2D0DA84600CBF459 /* InterestsDisplayPage.swift */ = {isa = PBXFileReference; lastKnownFileType = sourcecode.swift; path = InterestsDisplayPage.swift; sourceTree = "<group>"; };
		C3EBFD7B2D05C7E900B4D000 /* GoogleService-Info.plist */ = {isa = PBXFileReference; fileEncoding = 4; lastKnownFileType = text.plist.xml; path = "GoogleService-Info.plist"; sourceTree = "<group>"; };
		C3EBFD882D05DB6700B4D000 /* Register.swift */ = {isa = PBXFileReference; lastKnownFileType = sourcecode.swift; path = Register.swift; sourceTree = "<group>"; };
		C3EBFD8A2D05EDB900B4D000 /* LoginPage.swift */ = {isa = PBXFileReference; lastKnownFileType = sourcecode.swift; path = LoginPage.swift; sourceTree = "<group>"; };
		C3EBFD8D2D05EFF400B4D000 /* ForgotPassword.swift */ = {isa = PBXFileReference; lastKnownFileType = sourcecode.swift; path = ForgotPassword.swift; sourceTree = "<group>"; };
		DAB6A43E2D118647002FEC6D /* DisplayUsersTableViewCell.swift */ = {isa = PBXFileReference; lastKnownFileType = sourcecode.swift; path = DisplayUsersTableViewCell.swift; sourceTree = "<group>"; };
		DAB6A43F2D118647002FEC6D /* DisplayUsersTableViewCell.xib */ = {isa = PBXFileReference; lastKnownFileType = file.xib; path = DisplayUsersTableViewCell.xib; sourceTree = "<group>"; };
/* End PBXFileReference section */

/* Begin PBXFrameworksBuildPhase section */
		C395B1292CFC996700C073C2 /* Frameworks */ = {
			isa = PBXFrameworksBuildPhase;
			buildActionMask = 2147483647;
			files = (
				C3EBFD852D05CD1200B4D000 /* FirebaseAppCheck in Frameworks */,
				D5FDE8332D071D1300EB1819 /* FirebaseAuth in Frameworks */,
				D5FDE8392D071D1300EB1819 /* FirebaseStorage in Frameworks */,
				C3EBFD872D05CD1200B4D000 /* FirebaseAppDistribution-Beta in Frameworks */,
				D5FDE8352D071D1300EB1819 /* FirebaseCore in Frameworks */,
				D5FDE8372D071D1300EB1819 /* FirebaseFirestore in Frameworks */,
			);
			runOnlyForDeploymentPostprocessing = 0;
		};
		C395B13F2CFC996900C073C2 /* Frameworks */ = {
			isa = PBXFrameworksBuildPhase;
			buildActionMask = 2147483647;
			files = (
			);
			runOnlyForDeploymentPostprocessing = 0;
		};
		C395B1492CFC996900C073C2 /* Frameworks */ = {
			isa = PBXFrameworksBuildPhase;
			buildActionMask = 2147483647;
			files = (
			);
			runOnlyForDeploymentPostprocessing = 0;
		};
/* End PBXFrameworksBuildPhase section */

/* Begin PBXGroup section */
		C395B1232CFC996700C073C2 = {
			isa = PBXGroup;
			children = (
				C395B12E2CFC996700C073C2 /* Eventosaurus */,
				C395B1452CFC996900C073C2 /* EventosaurusTests */,
				C395B14F2CFC996900C073C2 /* EventosaurusUITests */,
				C395B12D2CFC996700C073C2 /* Products */,
			);
			sourceTree = "<group>";
		};
		C395B12D2CFC996700C073C2 /* Products */ = {
			isa = PBXGroup;
			children = (
				C395B12C2CFC996700C073C2 /* Eventosaurus.app */,
				C395B1422CFC996900C073C2 /* EventosaurusTests.xctest */,
				C395B14C2CFC996900C073C2 /* EventosaurusUITests.xctest */,
			);
			name = Products;
			sourceTree = "<group>";
		};
		C395B12E2CFC996700C073C2 /* Eventosaurus */ = {
			isa = PBXGroup;
			children = (
				C3EBFD7B2D05C7E900B4D000 /* GoogleService-Info.plist */,
				C395B12F2CFC996700C073C2 /* AppDelegate.swift */,
				C395B1312CFC996700C073C2 /* SceneDelegate.swift */,
				C395B1332CFC996700C073C2 /* ViewController.swift */,
				C395B15F2CFCA7A800C073C2 /* User.swift */,
				C395B1652CFCA83900C073C2 /* Organizer.swift */,
				C395B1612CFCA7EE00C073C2 /* Attendee.swift */,
				C395B1632CFCA80D00C073C2 /* Admin.swift */,
				C395B1672CFCA9E700C073C2 /* Event.swift */,
				C395B1352CFC996700C073C2 /* Main.storyboard */,
				C3EBFD882D05DB6700B4D000 /* Register.swift */,
				C3EBFD8A2D05EDB900B4D000 /* LoginPage.swift */,
				C3EBFD8D2D05EFF400B4D000 /* ForgotPassword.swift */,
				5737BDFF2D01D84100B40D01 /* Interests.storyboard */,
				C395B13A2CFC996900C073C2 /* LaunchScreen.storyboard */,
				C326037A2D0872DB008BD790 /* BecomeOrg.storyboard */,
				C326037E2D0891A3008BD790 /* AdminPage.storyboard */,
				C326037C2D0875F4008BD790 /* TermsAndConditions.swift */,
				C370DA6D2D0F163300B2A097 /* RequestsViewController.swift */,
				C3E2873B2D0DA84600CBF459 /* InterestsDisplayPage.swift */,
				C313441A2D0D6F8300B17BF4 /* AdminPageTableViewController.swift */,
				C313441E2D0D797B00B17BF4 /* AdminTVC.swift */,
				C313441F2D0D797B00B17BF4 /* AdminTVC.xib */,
				C3E287372D0DA60500CBF459 /* UsersDisplayController.swift */,
				DAB6A43E2D118647002FEC6D /* DisplayUsersTableViewCell.swift */,
				DAB6A43F2D118647002FEC6D /* DisplayUsersTableViewCell.xib */,
				C3E287392D0DA71700CBF459 /* EventsDisplayController.swift */,
				C395B1382CFC996900C073C2 /* Assets.xcassets */,
				57A5F0442D12B74800252873 /* EventsDisplayTableViewCell.swift */,
				57A5F0452D12B74800252873 /* EventsDisplayTableViewCell.xib */,
				C395B13D2CFC996900C073C2 /* Info.plist */,
			);
			path = Eventosaurus;
			sourceTree = "<group>";
		};
		C395B1452CFC996900C073C2 /* EventosaurusTests */ = {
			isa = PBXGroup;
			children = (
				C395B1462CFC996900C073C2 /* EventosaurusTests.swift */,
			);
			path = EventosaurusTests;
			sourceTree = "<group>";
		};
		C395B14F2CFC996900C073C2 /* EventosaurusUITests */ = {
			isa = PBXGroup;
			children = (
				C395B1502CFC996900C073C2 /* EventosaurusUITests.swift */,
				C395B1522CFC996900C073C2 /* EventosaurusUITestsLaunchTests.swift */,
			);
			path = EventosaurusUITests;
			sourceTree = "<group>";
		};
/* End PBXGroup section */

/* Begin PBXNativeTarget section */
		C395B12B2CFC996700C073C2 /* Eventosaurus */ = {
			isa = PBXNativeTarget;
			buildConfigurationList = C395B1562CFC996900C073C2 /* Build configuration list for PBXNativeTarget "Eventosaurus" */;
			buildPhases = (
				C395B1282CFC996700C073C2 /* Sources */,
				C395B1292CFC996700C073C2 /* Frameworks */,
				C395B12A2CFC996700C073C2 /* Resources */,
			);
			buildRules = (
			);
			dependencies = (
			);
			name = Eventosaurus;
			packageProductDependencies = (
				C3EBFD842D05CD1200B4D000 /* FirebaseAppCheck */,
				C3EBFD862D05CD1200B4D000 /* FirebaseAppDistribution-Beta */,
				D5FDE8322D071D1300EB1819 /* FirebaseAuth */,
				D5FDE8342D071D1300EB1819 /* FirebaseCore */,
				D5FDE8362D071D1300EB1819 /* FirebaseFirestore */,
				D5FDE8382D071D1300EB1819 /* FirebaseStorage */,
			);
			productName = Eventosaurus;
			productReference = C395B12C2CFC996700C073C2 /* Eventosaurus.app */;
			productType = "com.apple.product-type.application";
		};
		C395B1412CFC996900C073C2 /* EventosaurusTests */ = {
			isa = PBXNativeTarget;
			buildConfigurationList = C395B1592CFC996900C073C2 /* Build configuration list for PBXNativeTarget "EventosaurusTests" */;
			buildPhases = (
				C395B13E2CFC996900C073C2 /* Sources */,
				C395B13F2CFC996900C073C2 /* Frameworks */,
				C395B1402CFC996900C073C2 /* Resources */,
			);
			buildRules = (
			);
			dependencies = (
				C395B1442CFC996900C073C2 /* PBXTargetDependency */,
			);
			name = EventosaurusTests;
			productName = EventosaurusTests;
			productReference = C395B1422CFC996900C073C2 /* EventosaurusTests.xctest */;
			productType = "com.apple.product-type.bundle.unit-test";
		};
		C395B14B2CFC996900C073C2 /* EventosaurusUITests */ = {
			isa = PBXNativeTarget;
			buildConfigurationList = C395B15C2CFC996900C073C2 /* Build configuration list for PBXNativeTarget "EventosaurusUITests" */;
			buildPhases = (
				C395B1482CFC996900C073C2 /* Sources */,
				C395B1492CFC996900C073C2 /* Frameworks */,
				C395B14A2CFC996900C073C2 /* Resources */,
			);
			buildRules = (
			);
			dependencies = (
				C395B14E2CFC996900C073C2 /* PBXTargetDependency */,
			);
			name = EventosaurusUITests;
			productName = EventosaurusUITests;
			productReference = C395B14C2CFC996900C073C2 /* EventosaurusUITests.xctest */;
			productType = "com.apple.product-type.bundle.ui-testing";
		};
/* End PBXNativeTarget section */

/* Begin PBXProject section */
		C395B1242CFC996700C073C2 /* Project object */ = {
			isa = PBXProject;
			attributes = {
				BuildIndependentTargetsInParallel = 1;
				LastSwiftUpdateCheck = 1520;
				LastUpgradeCheck = 1520;
				TargetAttributes = {
					C395B12B2CFC996700C073C2 = {
						CreatedOnToolsVersion = 15.2;
					};
					C395B1412CFC996900C073C2 = {
						CreatedOnToolsVersion = 15.2;
						TestTargetID = C395B12B2CFC996700C073C2;
					};
					C395B14B2CFC996900C073C2 = {
						CreatedOnToolsVersion = 15.2;
						TestTargetID = C395B12B2CFC996700C073C2;
					};
				};
			};
			buildConfigurationList = C395B1272CFC996700C073C2 /* Build configuration list for PBXProject "Eventosaurus" */;
			compatibilityVersion = "Xcode 14.0";
			developmentRegion = en;
			hasScannedForEncodings = 0;
			knownRegions = (
				en,
				Base,
			);
			mainGroup = C395B1232CFC996700C073C2;
			packageReferences = (
				C3EBFD7D2D05CABE00B4D000 /* XCRemoteSwiftPackageReference "firebase-ios-sdk" */,
			);
			productRefGroup = C395B12D2CFC996700C073C2 /* Products */;
			projectDirPath = "";
			projectRoot = "";
			targets = (
				C395B12B2CFC996700C073C2 /* Eventosaurus */,
				C395B1412CFC996900C073C2 /* EventosaurusTests */,
				C395B14B2CFC996900C073C2 /* EventosaurusUITests */,
			);
		};
/* End PBXProject section */

/* Begin PBXResourcesBuildPhase section */
		C395B12A2CFC996700C073C2 /* Resources */ = {
			isa = PBXResourcesBuildPhase;
			buildActionMask = 2147483647;
			files = (
				C3EBFD7C2D05C7E900B4D000 /* GoogleService-Info.plist in Resources */,
				C395B13C2CFC996900C073C2 /* LaunchScreen.storyboard in Resources */,
				DAB6A4412D118647002FEC6D /* DisplayUsersTableViewCell.xib in Resources */,
				C395B1392CFC996900C073C2 /* Assets.xcassets in Resources */,
				C31344212D0D797B00B17BF4 /* AdminTVC.xib in Resources */,
				5737BE002D01D84100B40D01 /* Interests.storyboard in Resources */,
				C326037B2D0872DB008BD790 /* BecomeOrg.storyboard in Resources */,
				57A5F0472D12B74800252873 /* EventsDisplayTableViewCell.xib in Resources */,
				C395B1372CFC996700C073C2 /* Main.storyboard in Resources */,
				C326037F2D0891A3008BD790 /* AdminPage.storyboard in Resources */,
			);
			runOnlyForDeploymentPostprocessing = 0;
		};
		C395B1402CFC996900C073C2 /* Resources */ = {
			isa = PBXResourcesBuildPhase;
			buildActionMask = 2147483647;
			files = (
			);
			runOnlyForDeploymentPostprocessing = 0;
		};
		C395B14A2CFC996900C073C2 /* Resources */ = {
			isa = PBXResourcesBuildPhase;
			buildActionMask = 2147483647;
			files = (
			);
			runOnlyForDeploymentPostprocessing = 0;
		};
/* End PBXResourcesBuildPhase section */

/* Begin PBXSourcesBuildPhase section */
		C395B1282CFC996700C073C2 /* Sources */ = {
			isa = PBXSourcesBuildPhase;
			buildActionMask = 2147483647;
			files = (
				C395B1682CFCA9E700C073C2 /* Event.swift in Sources */,
				C3E287382D0DA60500CBF459 /* UsersDisplayController.swift in Sources */,
				57A5F0462D12B74800252873 /* EventsDisplayTableViewCell.swift in Sources */,
				C395B1662CFCA83900C073C2 /* Organizer.swift in Sources */,
				DAB6A4402D118647002FEC6D /* DisplayUsersTableViewCell.swift in Sources */,
				C395B1622CFCA7EE00C073C2 /* Attendee.swift in Sources */,
				C370DA6E2D0F163300B2A097 /* RequestsViewController.swift in Sources */,
				C395B1642CFCA80D00C073C2 /* Admin.swift in Sources */,
				C3EBFD892D05DB6700B4D000 /* Register.swift in Sources */,
				C31344202D0D797B00B17BF4 /* AdminTVC.swift in Sources */,
				C3E2873A2D0DA71700CBF459 /* EventsDisplayController.swift in Sources */,
				C313441B2D0D6F8300B17BF4 /* AdminPageTableViewController.swift in Sources */,
				C3EBFD8C2D05EDBD00B4D000 /* LoginPage.swift in Sources */,
				C395B1602CFCA7A800C073C2 /* User.swift in Sources */,
				C395B1342CFC996700C073C2 /* ViewController.swift in Sources */,
				C395B1302CFC996700C073C2 /* AppDelegate.swift in Sources */,
				C3E2873C2D0DA84600CBF459 /* InterestsDisplayPage.swift in Sources */,
				C326037D2D0875F4008BD790 /* TermsAndConditions.swift in Sources */,
				C395B1322CFC996700C073C2 /* SceneDelegate.swift in Sources */,
				C3EBFD8F2D05F01400B4D000 /* ForgotPassword.swift in Sources */,
			);
			runOnlyForDeploymentPostprocessing = 0;
		};
		C395B13E2CFC996900C073C2 /* Sources */ = {
			isa = PBXSourcesBuildPhase;
			buildActionMask = 2147483647;
			files = (
				C395B1472CFC996900C073C2 /* EventosaurusTests.swift in Sources */,
			);
			runOnlyForDeploymentPostprocessing = 0;
		};
		C395B1482CFC996900C073C2 /* Sources */ = {
			isa = PBXSourcesBuildPhase;
			buildActionMask = 2147483647;
			files = (
				C395B1532CFC996900C073C2 /* EventosaurusUITestsLaunchTests.swift in Sources */,
				C395B1512CFC996900C073C2 /* EventosaurusUITests.swift in Sources */,
			);
			runOnlyForDeploymentPostprocessing = 0;
		};
/* End PBXSourcesBuildPhase section */

/* Begin PBXTargetDependency section */
		C395B1442CFC996900C073C2 /* PBXTargetDependency */ = {
			isa = PBXTargetDependency;
			target = C395B12B2CFC996700C073C2 /* Eventosaurus */;
			targetProxy = C395B1432CFC996900C073C2 /* PBXContainerItemProxy */;
		};
		C395B14E2CFC996900C073C2 /* PBXTargetDependency */ = {
			isa = PBXTargetDependency;
			target = C395B12B2CFC996700C073C2 /* Eventosaurus */;
			targetProxy = C395B14D2CFC996900C073C2 /* PBXContainerItemProxy */;
		};
/* End PBXTargetDependency section */

/* Begin PBXVariantGroup section */
		C395B1352CFC996700C073C2 /* Main.storyboard */ = {
			isa = PBXVariantGroup;
			children = (
				C395B1362CFC996700C073C2 /* Base */,
			);
			name = Main.storyboard;
			sourceTree = "<group>";
		};
		C395B13A2CFC996900C073C2 /* LaunchScreen.storyboard */ = {
			isa = PBXVariantGroup;
			children = (
				C395B13B2CFC996900C073C2 /* Base */,
			);
			name = LaunchScreen.storyboard;
			sourceTree = "<group>";
		};
/* End PBXVariantGroup section */

/* Begin XCBuildConfiguration section */
		C395B1542CFC996900C073C2 /* Debug */ = {
			isa = XCBuildConfiguration;
			buildSettings = {
				ALWAYS_SEARCH_USER_PATHS = NO;
				ASSETCATALOG_COMPILER_GENERATE_SWIFT_ASSET_SYMBOL_EXTENSIONS = YES;
				CLANG_ANALYZER_NONNULL = YES;
				CLANG_ANALYZER_NUMBER_OBJECT_CONVERSION = YES_AGGRESSIVE;
				CLANG_CXX_LANGUAGE_STANDARD = "gnu++20";
				CLANG_ENABLE_MODULES = YES;
				CLANG_ENABLE_OBJC_ARC = YES;
				CLANG_ENABLE_OBJC_WEAK = YES;
				CLANG_WARN_BLOCK_CAPTURE_AUTORELEASING = YES;
				CLANG_WARN_BOOL_CONVERSION = YES;
				CLANG_WARN_COMMA = YES;
				CLANG_WARN_CONSTANT_CONVERSION = YES;
				CLANG_WARN_DEPRECATED_OBJC_IMPLEMENTATIONS = YES;
				CLANG_WARN_DIRECT_OBJC_ISA_USAGE = YES_ERROR;
				CLANG_WARN_DOCUMENTATION_COMMENTS = YES;
				CLANG_WARN_EMPTY_BODY = YES;
				CLANG_WARN_ENUM_CONVERSION = YES;
				CLANG_WARN_INFINITE_RECURSION = YES;
				CLANG_WARN_INT_CONVERSION = YES;
				CLANG_WARN_NON_LITERAL_NULL_CONVERSION = YES;
				CLANG_WARN_OBJC_IMPLICIT_RETAIN_SELF = YES;
				CLANG_WARN_OBJC_LITERAL_CONVERSION = YES;
				CLANG_WARN_OBJC_ROOT_CLASS = YES_ERROR;
				CLANG_WARN_QUOTED_INCLUDE_IN_FRAMEWORK_HEADER = YES;
				CLANG_WARN_RANGE_LOOP_ANALYSIS = YES;
				CLANG_WARN_STRICT_PROTOTYPES = YES;
				CLANG_WARN_SUSPICIOUS_MOVE = YES;
				CLANG_WARN_UNGUARDED_AVAILABILITY = YES_AGGRESSIVE;
				CLANG_WARN_UNREACHABLE_CODE = YES;
				CLANG_WARN__DUPLICATE_METHOD_MATCH = YES;
				COPY_PHASE_STRIP = NO;
				DEBUG_INFORMATION_FORMAT = dwarf;
				ENABLE_STRICT_OBJC_MSGSEND = YES;
				ENABLE_TESTABILITY = YES;
				ENABLE_USER_SCRIPT_SANDBOXING = YES;
				GCC_C_LANGUAGE_STANDARD = gnu17;
				GCC_DYNAMIC_NO_PIC = NO;
				GCC_NO_COMMON_BLOCKS = YES;
				GCC_OPTIMIZATION_LEVEL = 0;
				GCC_PREPROCESSOR_DEFINITIONS = (
					"DEBUG=1",
					"$(inherited)",
				);
				GCC_WARN_64_TO_32_BIT_CONVERSION = YES;
				GCC_WARN_ABOUT_RETURN_TYPE = YES_ERROR;
				GCC_WARN_UNDECLARED_SELECTOR = YES;
				GCC_WARN_UNINITIALIZED_AUTOS = YES_AGGRESSIVE;
				GCC_WARN_UNUSED_FUNCTION = YES;
				GCC_WARN_UNUSED_VARIABLE = YES;
				IPHONEOS_DEPLOYMENT_TARGET = 17.2;
				LOCALIZATION_PREFERS_STRING_CATALOGS = YES;
				MTL_ENABLE_DEBUG_INFO = INCLUDE_SOURCE;
				MTL_FAST_MATH = YES;
				ONLY_ACTIVE_ARCH = YES;
				SDKROOT = iphoneos;
				SWIFT_ACTIVE_COMPILATION_CONDITIONS = "DEBUG $(inherited)";
				SWIFT_OPTIMIZATION_LEVEL = "-Onone";
			};
			name = Debug;
		};
		C395B1552CFC996900C073C2 /* Release */ = {
			isa = XCBuildConfiguration;
			buildSettings = {
				ALWAYS_SEARCH_USER_PATHS = NO;
				ASSETCATALOG_COMPILER_GENERATE_SWIFT_ASSET_SYMBOL_EXTENSIONS = YES;
				CLANG_ANALYZER_NONNULL = YES;
				CLANG_ANALYZER_NUMBER_OBJECT_CONVERSION = YES_AGGRESSIVE;
				CLANG_CXX_LANGUAGE_STANDARD = "gnu++20";
				CLANG_ENABLE_MODULES = YES;
				CLANG_ENABLE_OBJC_ARC = YES;
				CLANG_ENABLE_OBJC_WEAK = YES;
				CLANG_WARN_BLOCK_CAPTURE_AUTORELEASING = YES;
				CLANG_WARN_BOOL_CONVERSION = YES;
				CLANG_WARN_COMMA = YES;
				CLANG_WARN_CONSTANT_CONVERSION = YES;
				CLANG_WARN_DEPRECATED_OBJC_IMPLEMENTATIONS = YES;
				CLANG_WARN_DIRECT_OBJC_ISA_USAGE = YES_ERROR;
				CLANG_WARN_DOCUMENTATION_COMMENTS = YES;
				CLANG_WARN_EMPTY_BODY = YES;
				CLANG_WARN_ENUM_CONVERSION = YES;
				CLANG_WARN_INFINITE_RECURSION = YES;
				CLANG_WARN_INT_CONVERSION = YES;
				CLANG_WARN_NON_LITERAL_NULL_CONVERSION = YES;
				CLANG_WARN_OBJC_IMPLICIT_RETAIN_SELF = YES;
				CLANG_WARN_OBJC_LITERAL_CONVERSION = YES;
				CLANG_WARN_OBJC_ROOT_CLASS = YES_ERROR;
				CLANG_WARN_QUOTED_INCLUDE_IN_FRAMEWORK_HEADER = YES;
				CLANG_WARN_RANGE_LOOP_ANALYSIS = YES;
				CLANG_WARN_STRICT_PROTOTYPES = YES;
				CLANG_WARN_SUSPICIOUS_MOVE = YES;
				CLANG_WARN_UNGUARDED_AVAILABILITY = YES_AGGRESSIVE;
				CLANG_WARN_UNREACHABLE_CODE = YES;
				CLANG_WARN__DUPLICATE_METHOD_MATCH = YES;
				COPY_PHASE_STRIP = NO;
				DEBUG_INFORMATION_FORMAT = "dwarf-with-dsym";
				ENABLE_NS_ASSERTIONS = NO;
				ENABLE_STRICT_OBJC_MSGSEND = YES;
				ENABLE_USER_SCRIPT_SANDBOXING = YES;
				GCC_C_LANGUAGE_STANDARD = gnu17;
				GCC_NO_COMMON_BLOCKS = YES;
				GCC_WARN_64_TO_32_BIT_CONVERSION = YES;
				GCC_WARN_ABOUT_RETURN_TYPE = YES_ERROR;
				GCC_WARN_UNDECLARED_SELECTOR = YES;
				GCC_WARN_UNINITIALIZED_AUTOS = YES_AGGRESSIVE;
				GCC_WARN_UNUSED_FUNCTION = YES;
				GCC_WARN_UNUSED_VARIABLE = YES;
				IPHONEOS_DEPLOYMENT_TARGET = 17.2;
				LOCALIZATION_PREFERS_STRING_CATALOGS = YES;
				MTL_ENABLE_DEBUG_INFO = NO;
				MTL_FAST_MATH = YES;
				SDKROOT = iphoneos;
				SWIFT_COMPILATION_MODE = wholemodule;
				VALIDATE_PRODUCT = YES;
			};
			name = Release;
		};
		C395B1572CFC996900C073C2 /* Debug */ = {
			isa = XCBuildConfiguration;
			buildSettings = {
				ASSETCATALOG_COMPILER_APPICON_NAME = AppIcon;
				ASSETCATALOG_COMPILER_GLOBAL_ACCENT_COLOR_NAME = AccentColor;
				CODE_SIGN_STYLE = Automatic;
				CURRENT_PROJECT_VERSION = 1;
				GENERATE_INFOPLIST_FILE = YES;
				INFOPLIST_FILE = Eventosaurus/Info.plist;
				INFOPLIST_KEY_UIApplicationSupportsIndirectInputEvents = YES;
				INFOPLIST_KEY_UILaunchStoryboardName = LaunchScreen;
				INFOPLIST_KEY_UIMainStoryboardFile = Main;
				INFOPLIST_KEY_UISupportedInterfaceOrientations_iPad = "UIInterfaceOrientationPortrait UIInterfaceOrientationPortraitUpsideDown UIInterfaceOrientationLandscapeLeft UIInterfaceOrientationLandscapeRight";
				INFOPLIST_KEY_UISupportedInterfaceOrientations_iPhone = "UIInterfaceOrientationPortrait UIInterfaceOrientationLandscapeLeft UIInterfaceOrientationLandscapeRight";
				LD_RUNPATH_SEARCH_PATHS = (
					"$(inherited)",
					"@executable_path/Frameworks",
				);
				MARKETING_VERSION = 1.0;
				PRODUCT_BUNDLE_IDENTIFIER = bp.Eventosaurus;
				PRODUCT_NAME = "$(TARGET_NAME)";
				SWIFT_EMIT_LOC_STRINGS = YES;
				SWIFT_VERSION = 5.0;
				TARGETED_DEVICE_FAMILY = "1,2";
			};
			name = Debug;
		};
		C395B1582CFC996900C073C2 /* Release */ = {
			isa = XCBuildConfiguration;
			buildSettings = {
				ASSETCATALOG_COMPILER_APPICON_NAME = AppIcon;
				ASSETCATALOG_COMPILER_GLOBAL_ACCENT_COLOR_NAME = AccentColor;
				CODE_SIGN_STYLE = Automatic;
				CURRENT_PROJECT_VERSION = 1;
				GENERATE_INFOPLIST_FILE = YES;
				INFOPLIST_FILE = Eventosaurus/Info.plist;
				INFOPLIST_KEY_UIApplicationSupportsIndirectInputEvents = YES;
				INFOPLIST_KEY_UILaunchStoryboardName = LaunchScreen;
				INFOPLIST_KEY_UIMainStoryboardFile = Main;
				INFOPLIST_KEY_UISupportedInterfaceOrientations_iPad = "UIInterfaceOrientationPortrait UIInterfaceOrientationPortraitUpsideDown UIInterfaceOrientationLandscapeLeft UIInterfaceOrientationLandscapeRight";
				INFOPLIST_KEY_UISupportedInterfaceOrientations_iPhone = "UIInterfaceOrientationPortrait UIInterfaceOrientationLandscapeLeft UIInterfaceOrientationLandscapeRight";
				LD_RUNPATH_SEARCH_PATHS = (
					"$(inherited)",
					"@executable_path/Frameworks",
				);
				MARKETING_VERSION = 1.0;
				PRODUCT_BUNDLE_IDENTIFIER = bp.Eventosaurus;
				PRODUCT_NAME = "$(TARGET_NAME)";
				SWIFT_EMIT_LOC_STRINGS = YES;
				SWIFT_VERSION = 5.0;
				TARGETED_DEVICE_FAMILY = "1,2";
			};
			name = Release;
		};
		C395B15A2CFC996900C073C2 /* Debug */ = {
			isa = XCBuildConfiguration;
			buildSettings = {
				ALWAYS_EMBED_SWIFT_STANDARD_LIBRARIES = YES;
				BUNDLE_LOADER = "$(TEST_HOST)";
				CODE_SIGN_STYLE = Automatic;
				CURRENT_PROJECT_VERSION = 1;
				GENERATE_INFOPLIST_FILE = YES;
				IPHONEOS_DEPLOYMENT_TARGET = 17.2;
				MARKETING_VERSION = 1.0;
				PRODUCT_BUNDLE_IDENTIFIER = bp.EventosaurusTests;
				PRODUCT_NAME = "$(TARGET_NAME)";
				SWIFT_EMIT_LOC_STRINGS = NO;
				SWIFT_VERSION = 5.0;
				TARGETED_DEVICE_FAMILY = "1,2";
				TEST_HOST = "$(BUILT_PRODUCTS_DIR)/Eventosaurus.app/$(BUNDLE_EXECUTABLE_FOLDER_PATH)/Eventosaurus";
			};
			name = Debug;
		};
		C395B15B2CFC996900C073C2 /* Release */ = {
			isa = XCBuildConfiguration;
			buildSettings = {
				ALWAYS_EMBED_SWIFT_STANDARD_LIBRARIES = YES;
				BUNDLE_LOADER = "$(TEST_HOST)";
				CODE_SIGN_STYLE = Automatic;
				CURRENT_PROJECT_VERSION = 1;
				GENERATE_INFOPLIST_FILE = YES;
				IPHONEOS_DEPLOYMENT_TARGET = 17.2;
				MARKETING_VERSION = 1.0;
				PRODUCT_BUNDLE_IDENTIFIER = bp.EventosaurusTests;
				PRODUCT_NAME = "$(TARGET_NAME)";
				SWIFT_EMIT_LOC_STRINGS = NO;
				SWIFT_VERSION = 5.0;
				TARGETED_DEVICE_FAMILY = "1,2";
				TEST_HOST = "$(BUILT_PRODUCTS_DIR)/Eventosaurus.app/$(BUNDLE_EXECUTABLE_FOLDER_PATH)/Eventosaurus";
			};
			name = Release;
		};
		C395B15D2CFC996900C073C2 /* Debug */ = {
			isa = XCBuildConfiguration;
			buildSettings = {
				ALWAYS_EMBED_SWIFT_STANDARD_LIBRARIES = YES;
				CODE_SIGN_STYLE = Automatic;
				CURRENT_PROJECT_VERSION = 1;
				GENERATE_INFOPLIST_FILE = YES;
				MARKETING_VERSION = 1.0;
				PRODUCT_BUNDLE_IDENTIFIER = bp.EventosaurusUITests;
				PRODUCT_NAME = "$(TARGET_NAME)";
				SWIFT_EMIT_LOC_STRINGS = NO;
				SWIFT_VERSION = 5.0;
				TARGETED_DEVICE_FAMILY = "1,2";
				TEST_TARGET_NAME = Eventosaurus;
			};
			name = Debug;
		};
		C395B15E2CFC996900C073C2 /* Release */ = {
			isa = XCBuildConfiguration;
			buildSettings = {
				ALWAYS_EMBED_SWIFT_STANDARD_LIBRARIES = YES;
				CODE_SIGN_STYLE = Automatic;
				CURRENT_PROJECT_VERSION = 1;
				GENERATE_INFOPLIST_FILE = YES;
				MARKETING_VERSION = 1.0;
				PRODUCT_BUNDLE_IDENTIFIER = bp.EventosaurusUITests;
				PRODUCT_NAME = "$(TARGET_NAME)";
				SWIFT_EMIT_LOC_STRINGS = NO;
				SWIFT_VERSION = 5.0;
				TARGETED_DEVICE_FAMILY = "1,2";
				TEST_TARGET_NAME = Eventosaurus;
			};
			name = Release;
		};
/* End XCBuildConfiguration section */

/* Begin XCConfigurationList section */
		C395B1272CFC996700C073C2 /* Build configuration list for PBXProject "Eventosaurus" */ = {
			isa = XCConfigurationList;
			buildConfigurations = (
				C395B1542CFC996900C073C2 /* Debug */,
				C395B1552CFC996900C073C2 /* Release */,
			);
			defaultConfigurationIsVisible = 0;
			defaultConfigurationName = Release;
		};
		C395B1562CFC996900C073C2 /* Build configuration list for PBXNativeTarget "Eventosaurus" */ = {
			isa = XCConfigurationList;
			buildConfigurations = (
				C395B1572CFC996900C073C2 /* Debug */,
				C395B1582CFC996900C073C2 /* Release */,
			);
			defaultConfigurationIsVisible = 0;
			defaultConfigurationName = Release;
		};
		C395B1592CFC996900C073C2 /* Build configuration list for PBXNativeTarget "EventosaurusTests" */ = {
			isa = XCConfigurationList;
			buildConfigurations = (
				C395B15A2CFC996900C073C2 /* Debug */,
				C395B15B2CFC996900C073C2 /* Release */,
			);
			defaultConfigurationIsVisible = 0;
			defaultConfigurationName = Release;
		};
		C395B15C2CFC996900C073C2 /* Build configuration list for PBXNativeTarget "EventosaurusUITests" */ = {
			isa = XCConfigurationList;
			buildConfigurations = (
				C395B15D2CFC996900C073C2 /* Debug */,
				C395B15E2CFC996900C073C2 /* Release */,
			);
			defaultConfigurationIsVisible = 0;
			defaultConfigurationName = Release;
		};
/* End XCConfigurationList section */

/* Begin XCRemoteSwiftPackageReference section */
		C3EBFD7D2D05CABE00B4D000 /* XCRemoteSwiftPackageReference "firebase-ios-sdk" */ = {
			isa = XCRemoteSwiftPackageReference;
			repositoryURL = "https://github.com/firebase/firebase-ios-sdk";
			requirement = {
				kind = upToNextMajorVersion;
				minimumVersion = 11.6.0;
			};
		};
/* End XCRemoteSwiftPackageReference section */

/* Begin XCSwiftPackageProductDependency section */
		C3EBFD842D05CD1200B4D000 /* FirebaseAppCheck */ = {
			isa = XCSwiftPackageProductDependency;
			package = C3EBFD7D2D05CABE00B4D000 /* XCRemoteSwiftPackageReference "firebase-ios-sdk" */;
			productName = FirebaseAppCheck;
		};
		C3EBFD862D05CD1200B4D000 /* FirebaseAppDistribution-Beta */ = {
			isa = XCSwiftPackageProductDependency;
			package = C3EBFD7D2D05CABE00B4D000 /* XCRemoteSwiftPackageReference "firebase-ios-sdk" */;
			productName = "FirebaseAppDistribution-Beta";
		};
		D5FDE8322D071D1300EB1819 /* FirebaseAuth */ = {
			isa = XCSwiftPackageProductDependency;
			package = C3EBFD7D2D05CABE00B4D000 /* XCRemoteSwiftPackageReference "firebase-ios-sdk" */;
			productName = FirebaseAuth;
		};
		D5FDE8342D071D1300EB1819 /* FirebaseCore */ = {
			isa = XCSwiftPackageProductDependency;
			package = C3EBFD7D2D05CABE00B4D000 /* XCRemoteSwiftPackageReference "firebase-ios-sdk" */;
			productName = FirebaseCore;
		};
		D5FDE8362D071D1300EB1819 /* FirebaseFirestore */ = {
			isa = XCSwiftPackageProductDependency;
			package = C3EBFD7D2D05CABE00B4D000 /* XCRemoteSwiftPackageReference "firebase-ios-sdk" */;
			productName = FirebaseFirestore;
		};
		D5FDE8382D071D1300EB1819 /* FirebaseStorage */ = {
			isa = XCSwiftPackageProductDependency;
			package = C3EBFD7D2D05CABE00B4D000 /* XCRemoteSwiftPackageReference "firebase-ios-sdk" */;
			productName = FirebaseStorage;
		};
/* End XCSwiftPackageProductDependency section */
	};
	rootObject = C395B1242CFC996700C073C2 /* Project object */;
}
